
Microsoft Visual Studio Solution File, Format Version 12.00
# Visual Studio Version 17
VisualStudioVersion = 17.4.33213.308
MinimumVisualStudioVersion = 10.0.40219.1
Project("{2150E333-8FDC-42A3-9474-1A3956D46DE8}") = "src", "src", "{3CC6F188-B306-4340-B427-29317782AE46}"
EndProject
Project("{2150E333-8FDC-42A3-9474-1A3956D46DE8}") = "tests", "tests", "{91CA8EF3-ACA8-485D-8B6C-D74E38479AAD}"
EndProject
Project("{9A19103F-16F7-4668-BE54-9A1E7A4F7556}") = "TaskManager.Api", "src\TaskManager.Api\TaskManager.Api.csproj", "{653E5A8C-F654-4FCE-9589-61F08FA0C70B}"
EndProject
Project("{9A19103F-16F7-4668-BE54-9A1E7A4F7556}") = "TaskManager.Application", "src\TaskManager.Application\TaskManager.Application.csproj", "{C201116A-AD98-46ED-927C-86E2BC098D65}"
EndProject
Project("{9A19103F-16F7-4668-BE54-9A1E7A4F7556}") = "TaskManager.Infrastructure", "src\TaskManager.Infrastructure\TaskManager.Infrastructure.csproj", "{C15D1691-5FE2-414E-A1FB-8A264D1BE503}"
EndProject
Project("{9A19103F-16F7-4668-BE54-9A1E7A4F7556}") = "TaskManager.Tests", "tests\TaskManager.Tests\TaskManager.Tests.csproj", "{7492166B-F76D-4FDE-A673-79AA33D5F9B0}"
EndProject
Global
	GlobalSection(SolutionConfigurationPlatforms) = preSolution
		Debug|Any CPU = Debug|Any CPU
		Release|Any CPU = Release|Any CPU
	EndGlobalSection
	GlobalSection(ProjectConfigurationPlatforms) = postSolution
		{653E5A8C-F654-4FCE-9589-61F08FA0C70B}.Debug|Any CPU.ActiveCfg = Debug|Any CPU
		{653E5A8C-F654-4FCE-9589-61F08FA0C70B}.Debug|Any CPU.Build.0 = Debug|Any CPU
		{653E5A8C-F654-4FCE-9589-61F08FA0C70B}.Release|Any CPU.ActiveCfg = Release|Any CPU
		{653E5A8C-F654-4FCE-9589-61F08FA0C70B}.Release|Any CPU.Build.0 = Release|Any CPU
		{C201116A-AD98-46ED-927C-86E2BC098D65}.Debug|Any CPU.ActiveCfg = Debug|Any CPU
		{C201116A-AD98-46ED-927C-86E2BC098D65}.Debug|Any CPU.Build.0 = Debug|Any CPU
		{C201116A-AD98-46ED-927C-86E2BC098D65}.Release|Any CPU.ActiveCfg = Release|Any CPU
		{C201116A-AD98-46ED-927C-86E2BC098D65}.Release|Any CPU.Build.0 = Release|Any CPU
		{C15D1691-5FE2-414E-A1FB-8A264D1BE503}.Debug|Any CPU.ActiveCfg = Debug|Any CPU
		{C15D1691-5FE2-414E-A1FB-8A264D1BE503}.Debug|Any CPU.Build.0 = Debug|Any CPU
		{C15D1691-5FE2-414E-A1FB-8A264D1BE503}.Release|Any CPU.ActiveCfg = Release|Any CPU
		{C15D1691-5FE2-414E-A1FB-8A264D1BE503}.Release|Any CPU.Build.0 = Release|Any CPU
		{7492166B-F76D-4FDE-A673-79AA33D5F9B0}.Debug|Any CPU.ActiveCfg = Debug|Any CPU
		{7492166B-F76D-4FDE-A673-79AA33D5F9B0}.Debug|Any CPU.Build.0 = Debug|Any CPU
		{7492166B-F76D-4FDE-A673-79AA33D5F9B0}.Release|Any CPU.ActiveCfg = Release|Any CPU
		{7492166B-F76D-4FDE-A673-79AA33D5F9B0}.Release|Any CPU.Build.0 = Release|Any CPU
	EndGlobalSection
	GlobalSection(SolutionProperties) = preSolution
		HideSolutionNode = FALSE
	EndGlobalSection
	GlobalSection(NestedProjects) = preSolution
		{653E5A8C-F654-4FCE-9589-61F08FA0C70B} = {3CC6F188-B306-4340-B427-29317782AE46}
		{C201116A-AD98-46ED-927C-86E2BC098D65} = {3CC6F188-B306-4340-B427-29317782AE46}
		{C15D1691-5FE2-414E-A1FB-8A264D1BE503} = {3CC6F188-B306-4340-B427-29317782AE46}
		{7492166B-F76D-4FDE-A673-79AA33D5F9B0} = {91CA8EF3-ACA8-485D-8B6C-D74E38479AAD}
	EndGlobalSection
	GlobalSection(ExtensibilityGlobals) = postSolution
		SolutionGuid = {8C10378B-8505-4078-B80D-3812D0A07D6D}
	EndGlobalSection
EndGlobal
